<?xml version="1.0" encoding="utf-8"?>
<Project ToolsVersion="4.0" xmlns="http://schemas.microsoft.com/developer/msbuild/2003">
  <ItemGroup>
    <Filter Include="ソース ファイル">
      <UniqueIdentifier>{4FC737F1-C7A5-4376-A066-2A32D752A2FF}</UniqueIdentifier>
      <Extensions>cpp;c;cc;cxx;c++;cppm;ixx;def;odl;idl;hpj;bat;asm;asmx</Extensions>
    </Filter>
    <Filter Include="ヘッダー ファイル">
      <UniqueIdentifier>{93995380-89BD-4b04-88EB-625FBE52EBFB}</UniqueIdentifier>
      <Extensions>h;hh;hpp;hxx;h++;hm;inl;inc;ipp;xsd</Extensions>
    </Filter>
    <Filter Include="リソース ファイル">
      <UniqueIdentifier>{67DA6AB6-F800-4c08-8B7A-83BB121AAD01}</UniqueIdentifier>
      <Extensions>rc;ico;cur;bmp;dlg;rc2;rct;bin;rgs;gif;jpg;jpeg;jpe;resx;tiff;tif;png;wav;mfcribbon-ms</Extensions>
    </Filter>
    <Filter Include="リソース ファイル\Title">
      <UniqueIdentifier>{f8652c27-381d-4564-843c-9d2089115fff}</UniqueIdentifier>
    </Filter>
    <Filter Include="リソース ファイル\Game">
      <UniqueIdentifier>{ca651dd1-35bd-480e-b2e7-434bc8c8fdfb}</UniqueIdentifier>
    </Filter>
    <Filter Include="Scene">
      <UniqueIdentifier>{b2ccd4db-7f7b-4607-97cf-e123111e6771}</UniqueIdentifier>
    </Filter>
    <Filter Include="リソース ファイル\Setting">
      <UniqueIdentifier>{fdbb668e-ffa9-4f5e-b70b-1582b9f99994}</UniqueIdentifier>
    </Filter>
    <Filter Include="Stage">
      <UniqueIdentifier>{53a5ba2e-8288-43a9-97ad-234fe7056906}</UniqueIdentifier>
    </Filter>
    <Filter Include="Stage\Block">
      <UniqueIdentifier>{cae89078-5544-4172-a063-b130db7e8e46}</UniqueIdentifier>
    </Filter>
  </ItemGroup>
  <ItemGroup>
    <ClCompile Include="main.cpp">
      <Filter>ソース ファイル</Filter>
    </ClCompile>
    <ClCompile Include="Scene\GameScene.cpp">
      <Filter>Scene</Filter>
    </ClCompile>
    <ClCompile Include="Scene\SettingScene.cpp">
      <Filter>Scene</Filter>
    </ClCompile>
    <ClCompile Include="Scene\TitleScene.cpp">
      <Filter>Scene</Filter>
    </ClCompile>
    <ClCompile Include="Stage\Stage.cpp">
      <Filter>Stage</Filter>
    </ClCompile>
    <ClCompile Include="Stage\BlockManager.cpp">
      <Filter>Stage\Block</Filter>
    </ClCompile>
    <ClCompile Include="Stage\BlockType.cpp">
      <Filter>Stage\Block</Filter>
    </ClCompile>
    <ClCompile Include="Player.cpp">
      <Filter>ソース ファイル</Filter>
    </ClCompile>
    <ClCompile Include="InputManager.cpp">
      <Filter>ソース ファイル</Filter>
    </ClCompile>
    <ClCompile Include="Scene\StageEditorScene.cpp">
      <Filter>Scene</Filter>
    </ClCompile>
  </ItemGroup>
  <ItemGroup>
    <ClInclude Include="Scene\GameScene.h">
      <Filter>Scene</Filter>
    </ClInclude>
    <ClInclude Include="Scene\SettingScene.h">
      <Filter>Scene</Filter>
    </ClInclude>
    <ClInclude Include="Scene\TitleScene.h">
      <Filter>Scene</Filter>
    </ClInclude>
    <ClInclude Include="Stage\BlockManager.h">
      <Filter>Stage\Block</Filter>
    </ClInclude>
    <ClInclude Include="Stage\BlockType.h">
      <Filter>Stage\Block</Filter>
    </ClInclude>
    <ClInclude Include="Stage\Stage.h">
      <Filter>Stage</Filter>
    </ClInclude>
    <ClInclude Include="Player.h">
      <Filter>ヘッダー ファイル</Filter>
    </ClInclude>
    <ClInclude Include="InputManager.h">
      <Filter>ヘッダー ファイル</Filter>
    </ClInclude>
    <ClInclude Include="Scene\StageEditorScene.h">
      <Filter>Scene</Filter>
    </ClInclude>
  </ItemGroup>
  <ItemGroup>
    <Image Include="Resources\Title\background.png">
      <Filter>リソース ファイル\Title</Filter>
    </Image>
    <Image Include="Resources\Game\background.png">
      <Filter>リソース ファイル\Game</Filter>
    </Image>
    <Image Include="Resources\Setting\background.png">
      <Filter>リソース ファイル\Setting</Filter>
    </Image>
  </ItemGroup>
</Project>